
Microsoft Visual Studio Solution File, Format Version 12.00
# Visual Studio 15
VisualStudioVersion = 15.0.28307.489
MinimumVisualStudioVersion = 10.0.40219.1
Project("{FAE04EC0-301F-11D3-BF4B-00C04F79EFBC}") = "Whiteboard", "Whiteboard\Whiteboard.csproj", "{6C2A05EF-7E42-4AEF-AE8B-95DC538FCFC9}"
EndProject
Global
	GlobalSection(SolutionConfigurationPlatforms) = preSolution
		Debug|Any CPU = Debug|Any CPU
		Release|Any CPU = Release|Any CPU
	EndGlobalSection
	GlobalSection(ProjectConfigurationPlatforms) = postSolution
		{6C2A05EF-7E42-4AEF-AE8B-95DC538FCFC9}.Debug|Any CPU.ActiveCfg = Debug|Any CPU
		{6C2A05EF-7E42-4AEF-AE8B-95DC538FCFC9}.Debug|Any CPU.Build.0 = Debug|Any CPU
		{6C2A05EF-7E42-4AEF-AE8B-95DC538FCFC9}.Release|Any CPU.ActiveCfg = Release|Any CPU
		{6C2A05EF-7E42-4AEF-AE8B-95DC538FCFC9}.Release|Any CPU.Build.0 = Release|Any CPU
	EndGlobalSection
	GlobalSection(SolutionProperties) = preSolution
		HideSolutionNode = FALSE
	EndGlobalSection
	GlobalSection(ExtensibilityGlobals) = postSolution
		SolutionGuid = {79C640DA-C2BE-4705-8EB5-E7F967319D03}
	EndGlobalSection
EndGlobal
